
Microsoft Visual Studio Solution File, Format Version 12.00
# Visual Studio Version 17
VisualStudioVersion = 17.13.35931.197 d17.13
MinimumVisualStudioVersion = 10.0.40219.1
Project("{FAE04EC0-301F-11D3-BF4B-00C04F79EFBC}") = "IsTakipApp", "IsTakipApp\IsTakipApp.csproj", "{1753B626-F131-4687-8188-D0AC31F60A2F}"
EndProject
Global
	GlobalSection(SolutionConfigurationPlatforms) = preSolution
		Debug|Any CPU = Debug|Any CPU
		Release|Any CPU = Release|Any CPU
	EndGlobalSection
	GlobalSection(ProjectConfigurationPlatforms) = postSolution
		{1753B626-F131-4687-8188-D0AC31F60A2F}.Debug|Any CPU.ActiveCfg = Debug|Any CPU
		{1753B626-F131-4687-8188-D0AC31F60A2F}.Debug|Any CPU.Build.0 = Debug|Any CPU
		{1753B626-F131-4687-8188-D0AC31F60A2F}.Release|Any CPU.ActiveCfg = Release|Any CPU
		{1753B626-F131-4687-8188-D0AC31F60A2F}.Release|Any CPU.Build.0 = Release|Any CPU
	EndGlobalSection
	GlobalSection(SolutionProperties) = preSolution
		HideSolutionNode = FALSE
	EndGlobalSection
	GlobalSection(ExtensibilityGlobals) = postSolution
		SolutionGuid = {DAD0E1B8-BC6B-479A-8422-39B5796D56A0}
	EndGlobalSection
EndGlobal
